
Microsoft Visual Studio Solution File, Format Version 12.00
# Visual Studio 2013
VisualStudioVersion = 12.0.21005.1
MinimumVisualStudioVersion = 10.0.40219.1
Project("{F184B08F-C81C-45F6-A57F-5ABD9991F28F}") = "Friends List 2", "Friends List 2\Friends List 2.vbproj", "{A6B8D6CF-6ABA-4EC8-A596-7703B3C97DC6}"
EndProject
Global
	GlobalSection(SolutionConfigurationPlatforms) = preSolution
		Debug|Any CPU = Debug|Any CPU
		Release|Any CPU = Release|Any CPU
	EndGlobalSection
	GlobalSection(ProjectConfigurationPlatforms) = postSolution
		{A6B8D6CF-6ABA-4EC8-A596-7703B3C97DC6}.Debug|Any CPU.ActiveCfg = Debug|Any CPU
		{A6B8D6CF-6ABA-4EC8-A596-7703B3C97DC6}.Debug|Any CPU.Build.0 = Debug|Any CPU
		{A6B8D6CF-6ABA-4EC8-A596-7703B3C97DC6}.Release|Any CPU.ActiveCfg = Release|Any CPU
		{A6B8D6CF-6ABA-4EC8-A596-7703B3C97DC6}.Release|Any CPU.Build.0 = Release|Any CPU
	EndGlobalSection
	GlobalSection(SolutionProperties) = preSolution
		HideSolutionNode = FALSE
	EndGlobalSection
EndGlobal
