
Microsoft Visual Studio Solution File, Format Version 12.00
# Visual Studio 2013
VisualStudioVersion = 12.0.21005.1
MinimumVisualStudioVersion = 10.0.40219.1
Project("{F184B08F-C81C-45F6-A57F-5ABD9991F28F}") = "LotteryNumbers", "LotteryNumbers\LotteryNumbers.vbproj", "{60E417CB-094C-4B34-B6AF-6B92098EC383}"
EndProject
Global
	GlobalSection(SolutionConfigurationPlatforms) = preSolution
		Debug|Any CPU = Debug|Any CPU
		Release|Any CPU = Release|Any CPU
	EndGlobalSection
	GlobalSection(ProjectConfigurationPlatforms) = postSolution
		{60E417CB-094C-4B34-B6AF-6B92098EC383}.Debug|Any CPU.ActiveCfg = Debug|Any CPU
		{60E417CB-094C-4B34-B6AF-6B92098EC383}.Debug|Any CPU.Build.0 = Debug|Any CPU
		{60E417CB-094C-4B34-B6AF-6B92098EC383}.Release|Any CPU.ActiveCfg = Release|Any CPU
		{60E417CB-094C-4B34-B6AF-6B92098EC383}.Release|Any CPU.Build.0 = Release|Any CPU
	EndGlobalSection
	GlobalSection(SolutionProperties) = preSolution
		HideSolutionNode = FALSE
	EndGlobalSection
EndGlobal
